
Microsoft Visual Studio Solution File, Format Version 12.00
# Visual Studio Version 16
VisualStudioVersion = 16.0.31410.357
MinimumVisualStudioVersion = 10.0.40219.1
Project("{FAE04EC0-301F-11D3-BF4B-00C04F79EFBC}") = "MatchGame", "MatchGame\MatchGame.csproj", "{C4BC7751-F9AA-4EF6-BBC7-5E5FA0778D93}"
EndProject
Global
	GlobalSection(SolutionConfigurationPlatforms) = preSolution
		Debug|Any CPU = Debug|Any CPU
		Release|Any CPU = Release|Any CPU
	EndGlobalSection
	GlobalSection(ProjectConfigurationPlatforms) = postSolution
		{C4BC7751-F9AA-4EF6-BBC7-5E5FA0778D93}.Debug|Any CPU.ActiveCfg = Debug|Any CPU
		{C4BC7751-F9AA-4EF6-BBC7-5E5FA0778D93}.Debug|Any CPU.Build.0 = Debug|Any CPU
		{C4BC7751-F9AA-4EF6-BBC7-5E5FA0778D93}.Release|Any CPU.ActiveCfg = Release|Any CPU
		{C4BC7751-F9AA-4EF6-BBC7-5E5FA0778D93}.Release|Any CPU.Build.0 = Release|Any CPU
	EndGlobalSection
	GlobalSection(SolutionProperties) = preSolution
		HideSolutionNode = FALSE
	EndGlobalSection
	GlobalSection(ExtensibilityGlobals) = postSolution
		SolutionGuid = {DEB0DEE8-C5F6-4293-8AEE-C6B37A1E004D}
	EndGlobalSection
EndGlobal
